
Microsoft Visual Studio Solution File, Format Version 12.00
# Visual Studio Version 17
VisualStudioVersion = 17.5.33424.131
MinimumVisualStudioVersion = 10.0.40219.1
Project("{9A19103F-16F7-4668-BE54-9A1E7A4F7556}") = "PracModel2Part3", "PracModel2Part3.csproj", "{77EBD6C4-C8B5-4B42-B532-1EFB5E5BCF41}"
EndProject
Project("{FAE04EC0-301F-11D3-BF4B-00C04F79EFBC}") = "Task3AND4_CAR", "..\Task3AND4_CAR\Task3AND4_CAR.csproj", "{9E5E5DF2-9899-48B7-BDA3-90DDEFBDC070}"
EndProject
Global
	GlobalSection(SolutionConfigurationPlatforms) = preSolution
		Debug|Any CPU = Debug|Any CPU
		Release|Any CPU = Release|Any CPU
	EndGlobalSection
	GlobalSection(ProjectConfigurationPlatforms) = postSolution
		{77EBD6C4-C8B5-4B42-B532-1EFB5E5BCF41}.Debug|Any CPU.ActiveCfg = Debug|Any CPU
		{77EBD6C4-C8B5-4B42-B532-1EFB5E5BCF41}.Debug|Any CPU.Build.0 = Debug|Any CPU
		{77EBD6C4-C8B5-4B42-B532-1EFB5E5BCF41}.Release|Any CPU.ActiveCfg = Release|Any CPU
		{77EBD6C4-C8B5-4B42-B532-1EFB5E5BCF41}.Release|Any CPU.Build.0 = Release|Any CPU
		{9E5E5DF2-9899-48B7-BDA3-90DDEFBDC070}.Debug|Any CPU.ActiveCfg = Debug|Any CPU
		{9E5E5DF2-9899-48B7-BDA3-90DDEFBDC070}.Debug|Any CPU.Build.0 = Debug|Any CPU
		{9E5E5DF2-9899-48B7-BDA3-90DDEFBDC070}.Release|Any CPU.ActiveCfg = Release|Any CPU
		{9E5E5DF2-9899-48B7-BDA3-90DDEFBDC070}.Release|Any CPU.Build.0 = Release|Any CPU
	EndGlobalSection
	GlobalSection(SolutionProperties) = preSolution
		HideSolutionNode = FALSE
	EndGlobalSection
	GlobalSection(ExtensibilityGlobals) = postSolution
		SolutionGuid = {9BD2B8C2-6924-4160-893E-E93E78675F8B}
	EndGlobalSection
EndGlobal
